
Microsoft Visual Studio Solution File, Format Version 12.00
# Visual Studio Version 17
VisualStudioVersion = 17.4.33103.184
MinimumVisualStudioVersion = 10.0.40219.1
Project("{9A19103F-16F7-4668-BE54-9A1E7A4F7556}") = "MyLibraryApp.Application", "..\MyLibraryApp.Application\MyLibraryApp.Application.csproj", "{5C76ACBE-B55A-4D2F-A630-D318E4F55440}"
EndProject
Project("{9A19103F-16F7-4668-BE54-9A1E7A4F7556}") = "MyLibraryApp.DataAccess", "..\MyLibraryApp.DataAccess\MyLibraryApp.DataAccess.csproj", "{DF077B5A-5C13-44CE-A291-47CF8714F671}"
EndProject
Project("{9A19103F-16F7-4668-BE54-9A1E7A4F7556}") = "MyLibraryApp.API", "..\MyLibraryApp.API\MyLibraryApp.API.csproj", "{F122882C-4350-492C-94E8-C64F1D9207DA}"
EndProject
Project("{9A19103F-16F7-4668-BE54-9A1E7A4F7556}") = "MyLibrary.WebUI", "MyLibrary.WebUI\MyLibrary.WebUI.csproj", "{D62C8B45-748D-405B-9BA7-D86D5BD4D439}"
EndProject
Global
	GlobalSection(SolutionConfigurationPlatforms) = preSolution
		Debug|Any CPU = Debug|Any CPU
		Release|Any CPU = Release|Any CPU
	EndGlobalSection
	GlobalSection(ProjectConfigurationPlatforms) = postSolution
		{5C76ACBE-B55A-4D2F-A630-D318E4F55440}.Debug|Any CPU.ActiveCfg = Debug|Any CPU
		{5C76ACBE-B55A-4D2F-A630-D318E4F55440}.Debug|Any CPU.Build.0 = Debug|Any CPU
		{5C76ACBE-B55A-4D2F-A630-D318E4F55440}.Release|Any CPU.ActiveCfg = Release|Any CPU
		{5C76ACBE-B55A-4D2F-A630-D318E4F55440}.Release|Any CPU.Build.0 = Release|Any CPU
		{DF077B5A-5C13-44CE-A291-47CF8714F671}.Debug|Any CPU.ActiveCfg = Debug|Any CPU
		{DF077B5A-5C13-44CE-A291-47CF8714F671}.Debug|Any CPU.Build.0 = Debug|Any CPU
		{DF077B5A-5C13-44CE-A291-47CF8714F671}.Release|Any CPU.ActiveCfg = Release|Any CPU
		{DF077B5A-5C13-44CE-A291-47CF8714F671}.Release|Any CPU.Build.0 = Release|Any CPU
		{F122882C-4350-492C-94E8-C64F1D9207DA}.Debug|Any CPU.ActiveCfg = Debug|Any CPU
		{F122882C-4350-492C-94E8-C64F1D9207DA}.Debug|Any CPU.Build.0 = Debug|Any CPU
		{F122882C-4350-492C-94E8-C64F1D9207DA}.Release|Any CPU.ActiveCfg = Release|Any CPU
		{F122882C-4350-492C-94E8-C64F1D9207DA}.Release|Any CPU.Build.0 = Release|Any CPU
		{D62C8B45-748D-405B-9BA7-D86D5BD4D439}.Debug|Any CPU.ActiveCfg = Debug|Any CPU
		{D62C8B45-748D-405B-9BA7-D86D5BD4D439}.Debug|Any CPU.Build.0 = Debug|Any CPU
		{D62C8B45-748D-405B-9BA7-D86D5BD4D439}.Release|Any CPU.ActiveCfg = Release|Any CPU
		{D62C8B45-748D-405B-9BA7-D86D5BD4D439}.Release|Any CPU.Build.0 = Release|Any CPU
	EndGlobalSection
	GlobalSection(SolutionProperties) = preSolution
		HideSolutionNode = FALSE
	EndGlobalSection
	GlobalSection(ExtensibilityGlobals) = postSolution
		SolutionGuid = {97130880-7395-4F5B-B978-DC6B421A92F6}
	EndGlobalSection
EndGlobal
